{
  "name": "i",
  "version": "1.0.0",
  "lockfileVersion": 2,
  "requires": true,
  "packages": {
    "": {
      "name": "i",
      "version": "1.0.0",
      "license": "ISC",
      "dependencies": {
        "wechat-miniprogram-rate": "^1.0.0"
      }
    },
    "node_modules/wechat-miniprogram-rate": {
      "version": "1.0.0",
      "resolved": "https://registry.npmjs.org/wechat-miniprogram-rate/-/wechat-miniprogram-rate-1.0.0.tgz",
      "integrity": "sha512-xBFqh/tpoQ/3sTgf37lOGJFEcJ55Vbv0HtyYVFCq3TZr5f1muhX0vRNnI2y6U2boFz+rYkwA9hZC1UTZDWbBzA=="
    }
  },
  "dependencies": {
    "wechat-miniprogram-rate": {
      "version": "1.0.0",
      "resolved": "https://registry.npmjs.org/wechat-miniprogram-rate/-/wechat-miniprogram-rate-1.0.0.tgz",
      "integrity": "sha512-xBFqh/tpoQ/3sTgf37lOGJFEcJ55Vbv0HtyYVFCq3TZr5f1muhX0vRNnI2y6U2boFz+rYkwA9hZC1UTZDWbBzA=="
    }
  }
}
